# This file is automatically @generated by Poetry 1.8.3 and should not be changed by hand.

[[package]]
name = "terminaltexteffects"
version = "0.11.0"
description = "TerminalTextEffects (TTE) is a terminal visual effects engine."
optional = false
python-versions = "<4.0,>=3.8"
files = [
    {file = "terminaltexteffects-0.11.0-py3-none-any.whl", hash = "sha256:b1ce7c211f233274cfca86d2cdb398f24973d5aab8591d2ee817e12a4ec249cb"},
    {file = "terminaltexteffects-0.11.0.tar.gz", hash = "sha256:1430cb73ba003a04a96b19ae4ba5b37a3faf10eb92c77593da7b697e8113dcb2"},
]

[metadata]
lock-version = "2.0"
python-versions = "^3.10"
content-hash = "cbc931e51ae255d53b3aeaaf5191d3a51475cd8e8c632abd97690dcbd9caf1aa"
